// !$*UTF8*$!
{
	archiveVersion = 1;
	classes = {
	};
	objectVersion = 46;
	objects = {

/* Begin PBXBuildFile section */
		853D153E1F026D1700553D61 /* AppDelegate.swift in Sources */ = {isa = PBXBuildFile; fileRef = 853D153D1F026D1700553D61 /* AppDelegate.swift */; };
		853D15401F026D1700553D61 /* ViewController.swift in Sources */ = {isa = PBXBuildFile; fileRef = 853D153F1F026D1700553D61 /* ViewController.swift */; };
		853D15431F026D1700553D61 /* Main.storyboard in Resources */ = {isa = PBXBuildFile; fileRef = 853D15411F026D1700553D61 /* Main.storyboard */; };
		853D15451F026D1700553D61 /* Assets.xcassets in Resources */ = {isa = PBXBuildFile; fileRef = 853D15441F026D1700553D61 /* Assets.xcassets */; };
		853D15481F026D1700553D61 /* LaunchScreen.storyboard in Resources */ = {isa = PBXBuildFile; fileRef = 853D15461F026D1700553D61 /* LaunchScreen.storyboard */; };
		853D15531F026D1700553D61 /* CalcTests.swift in Sources */ = {isa = PBXBuildFile; fileRef = 853D15521F026D1700553D61 /* CalcTests.swift */; };
		853D155E1F026D1700553D61 /* CalcUITests.swift in Sources */ = {isa = PBXBuildFile; fileRef = 853D155D1F026D1700553D61 /* CalcUITests.swift */; };
		853D156D1F02862F00553D61 /* Model_class.swift in Sources */ = {isa = PBXBuildFile; fileRef = 853D156C1F02862F00553D61 /* Model_class.swift */; };
/* End PBXBuildFile section */

/* Begin PBXContainerItemProxy section */
		853D154F1F026D1700553D61 /* PBXContainerItemProxy */ = {
			isa = PBXContainerItemProxy;
			containerPortal = 853D15321F026D1700553D61 /* Project object */;
			proxyType = 1;
			remoteGlobalIDString = 853D15391F026D1700553D61;
			remoteInfo = Calc;
		};
		853D155A1F026D1700553D61 /* PBXContainerItemProxy */ = {
			isa = PBXContainerItemProxy;
			containerPortal = 853D15321F026D1700553D61 /* Project object */;
			proxyType = 1;
			remoteGlobalIDString = 853D15391F026D1700553D61;
			remoteInfo = Calc;
		};
/* End PBXContainerItemProxy section */

/* Begin PBXFileReference section */
		853D153A1F026D1700553D61 /* Calc.app */ = {isa = PBXFileReference; explicitFileType = wrapper.application; includeInIndex = 0; path = Calc.app; sourceTree = BUILT_PRODUCTS_DIR; };
		853D153D1F026D1700553D61 /* AppDelegate.swift */ = {isa = PBXFileReference; lastKnownFileType = sourcecode.swift; path = AppDelegate.swift; sourceTree = "<group>"; };
		853D153F1F026D1700553D61 /* ViewController.swift */ = {isa = PBXFileReference; lastKnownFileType = sourcecode.swift; path = ViewController.swift; sourceTree = "<group>"; };
		853D15421F026D1700553D61 /* Base */ = {isa = PBXFileReference; lastKnownFileType = file.storyboard; name = Base; path = Base.lproj/Main.storyboard; sourceTree = "<group>"; };
		853D15441F026D1700553D61 /* Assets.xcassets */ = {isa = PBXFileReference; lastKnownFileType = folder.assetcatalog; path = Assets.xcassets; sourceTree = "<group>"; };
		853D15471F026D1700553D61 /* Base */ = {isa = PBXFileReference; lastKnownFileType = file.storyboard; name = Base; path = Base.lproj/LaunchScreen.storyboard; sourceTree = "<group>"; };
		853D15491F026D1700553D61 /* Info.plist */ = {isa = PBXFileReference; lastKnownFileType = text.plist.xml; path = Info.plist; sourceTree = "<group>"; };
		853D154E1F026D1700553D61 /* CalcTests.xctest */ = {isa = PBXFileReference; explicitFileType = wrapper.cfbundle; includeInIndex = 0; path = CalcTests.xctest; sourceTree = BUILT_PRODUCTS_DIR; };
		853D15521F026D1700553D61 /* CalcTests.swift */ = {isa = PBXFileReference; lastKnownFileType = sourcecode.swift; path = CalcTests.swift; sourceTree = "<group>"; };
		853D15541F026D1700553D61 /* Info.plist */ = {isa = PBXFileReference; lastKnownFileType = text.plist.xml; path = Info.plist; sourceTree = "<group>"; };
		853D15591F026D1700553D61 /* CalcUITests.xctest */ = {isa = PBXFileReference; explicitFileType = wrapper.cfbundle; includeInIndex = 0; path = CalcUITests.xctest; sourceTree = BUILT_PRODUCTS_DIR; };
		853D155D1F026D1700553D61 /* CalcUITests.swift */ = {isa = PBXFileReference; lastKnownFileType = sourcecode.swift; path = CalcUITests.swift; sourceTree = "<group>"; };
		853D155F1F026D1700553D61 /* Info.plist */ = {isa = PBXFileReference; lastKnownFileType = text.plist.xml; path = Info.plist; sourceTree = "<group>"; };
		853D156C1F02862F00553D61 /* Model_class.swift */ = {isa = PBXFileReference; fileEncoding = 4; lastKnownFileType = sourcecode.swift; path = Model_class.swift; sourceTree = "<group>"; };
/* End PBXFileReference section */

/* Begin PBXFrameworksBuildPhase section */
		853D15371F026D1700553D61 /* Frameworks */ = {
			isa = PBXFrameworksBuildPhase;
			buildActionMask = 2147483647;
			files = (
			);
			runOnlyForDeploymentPostprocessing = 0;
		};
		853D154B1F026D1700553D61 /* Frameworks */ = {
			isa = PBXFrameworksBuildPhase;
			buildActionMask = 2147483647;
			files = (
			);
			runOnlyForDeploymentPostprocessing = 0;
		};
		853D15561F026D1700553D61 /* Frameworks */ = {
			isa = PBXFrameworksBuildPhase;
			buildActionMask = 2147483647;
			files = (
			);
			runOnlyForDeploymentPostprocessing = 0;
		};
/* End PBXFrameworksBuildPhase section */

/* Begin PBXGroup section */
		853D15311F026D1700553D61 = {
			isa = PBXGroup;
			children = (
				853D153C1F026D1700553D61 /* Calc */,
				853D15511F026D1700553D61 /* CalcTests */,
				853D155C1F026D1700553D61 /* CalcUITests */,
				853D153B1F026D1700553D61 /* Products */,
			);
			sourceTree = "<group>";
		};
		853D153B1F026D1700553D61 /* Products */ = {
			isa = PBXGroup;
			children = (
				853D153A1F026D1700553D61 /* Calc.app */,
				853D154E1F026D1700553D61 /* CalcTests.xctest */,
				853D15591F026D1700553D61 /* CalcUITests.xctest */,
			);
			name = Products;
			sourceTree = "<group>";
		};
		853D153C1F026D1700553D61 /* Calc */ = {
			isa = PBXGroup;
			children = (
				853D156B1F026E3200553D61 /* supplemental files */,
				853D153F1F026D1700553D61 /* ViewController.swift */,
				853D15411F026D1700553D61 /* Main.storyboard */,
				853D156C1F02862F00553D61 /* Model_class.swift */,
			);
			path = Calc;
			sourceTree = "<group>";
		};
		853D15511F026D1700553D61 /* CalcTests */ = {
			isa = PBXGroup;
			children = (
				853D15521F026D1700553D61 /* CalcTests.swift */,
				853D15541F026D1700553D61 /* Info.plist */,
			);
			path = CalcTests;
			sourceTree = "<group>";
		};
		853D155C1F026D1700553D61 /* CalcUITests */ = {
			isa = PBXGroup;
			children = (
				853D155D1F026D1700553D61 /* CalcUITests.swift */,
				853D155F1F026D1700553D61 /* Info.plist */,
			);
			path = CalcUITests;
			sourceTree = "<group>";
		};
		853D156B1F026E3200553D61 /* supplemental files */ = {
			isa = PBXGroup;
			children = (
				853D153D1F026D1700553D61 /* AppDelegate.swift */,
				853D15441F026D1700553D61 /* Assets.xcassets */,
				853D15461F026D1700553D61 /* LaunchScreen.storyboard */,
				853D15491F026D1700553D61 /* Info.plist */,
			);
			name = "supplemental files";
			sourceTree = "<group>";
		};
/* End PBXGroup section */

/* Begin PBXNativeTarget section */
		853D15391F026D1700553D61 /* Calc */ = {
			isa = PBXNativeTarget;
			buildConfigurationList = 853D15621F026D1700553D61 /* Build configuration list for PBXNativeTarget "Calc" */;
			buildPhases = (
				853D15361F026D1700553D61 /* Sources */,
				853D15371F026D1700553D61 /* Frameworks */,
				853D15381F026D1700553D61 /* Resources */,
			);
			buildRules = (
			);
			dependencies = (
			);
			name = Calc;
			productName = Calc;
			productReference = 853D153A1F026D1700553D61 /* Calc.app */;
			productType = "com.apple.product-type.application";
		};
		853D154D1F026D1700553D61 /* CalcTests */ = {
			isa = PBXNativeTarget;
			buildConfigurationList = 853D15651F026D1700553D61 /* Build configuration list for PBXNativeTarget "CalcTests" */;
			buildPhases = (
				853D154A1F026D1700553D61 /* Sources */,
				853D154B1F026D1700553D61 /* Frameworks */,
				853D154C1F026D1700553D61 /* Resources */,
			);
			buildRules = (
			);
			dependencies = (
				853D15501F026D1700553D61 /* PBXTargetDependency */,
			);
			name = CalcTests;
			productName = CalcTests;
			productReference = 853D154E1F026D1700553D61 /* CalcTests.xctest */;
			productType = "com.apple.product-type.bundle.unit-test";
		};
		853D15581F026D1700553D61 /* CalcUITests */ = {
			isa = PBXNativeTarget;
			buildConfigurationList = 853D15681F026D1700553D61 /* Build configuration list for PBXNativeTarget "CalcUITests" */;
			buildPhases = (
				853D15551F026D1700553D61 /* Sources */,
				853D15561F026D1700553D61 /* Frameworks */,
				853D15571F026D1700553D61 /* Resources */,
			);
			buildRules = (
			);
			dependencies = (
				853D155B1F026D1700553D61 /* PBXTargetDependency */,
			);
			name = CalcUITests;
			productName = CalcUITests;
			productReference = 853D15591F026D1700553D61 /* CalcUITests.xctest */;
			productType = "com.apple.product-type.bundle.ui-testing";
		};
/* End PBXNativeTarget section */

/* Begin PBXProject section */
		853D15321F026D1700553D61 /* Project object */ = {
			isa = PBXProject;
			attributes = {
				LastSwiftUpdateCheck = 0830;
				LastUpgradeCheck = 0830;
				ORGANIZATIONNAME = "Евгений";
				TargetAttributes = {
					853D15391F026D1700553D61 = {
						CreatedOnToolsVersion = 8.3.3;
						ProvisioningStyle = Automatic;
					};
					853D154D1F026D1700553D61 = {
						CreatedOnToolsVersion = 8.3.3;
						ProvisioningStyle = Automatic;
						TestTargetID = 853D15391F026D1700553D61;
					};
					853D15581F026D1700553D61 = {
						CreatedOnToolsVersion = 8.3.3;
						ProvisioningStyle = Automatic;
						TestTargetID = 853D15391F026D1700553D61;
					};
				};
			};
			buildConfigurationList = 853D15351F026D1700553D61 /* Build configuration list for PBXProject "Calc" */;
			compatibilityVersion = "Xcode 3.2";
			developmentRegion = English;
			hasScannedForEncodings = 0;
			knownRegions = (
				en,
				Base,
			);
			mainGroup = 853D15311F026D1700553D61;
			productRefGroup = 853D153B1F026D1700553D61 /* Products */;
			projectDirPath = "";
			projectRoot = "";
			targets = (
				853D15391F026D1700553D61 /* Calc */,
				853D154D1F026D1700553D61 /* CalcTests */,
				853D15581F026D1700553D61 /* CalcUITests */,
			);
		};
/* End PBXProject section */

/* Begin PBXResourcesBuildPhase section */
		853D15381F026D1700553D61 /* Resources */ = {
			isa = PBXResourcesBuildPhase;
			buildActionMask = 2147483647;
			files = (
				853D15481F026D1700553D61 /* LaunchScreen.storyboard in Resources */,
				853D15451F026D1700553D61 /* Assets.xcassets in Resources */,
				853D15431F026D1700553D61 /* Main.storyboard in Resources */,
			);
			runOnlyForDeploymentPostprocessing = 0;
		};
		853D154C1F026D1700553D61 /* Resources */ = {
			isa = PBXResourcesBuildPhase;
			buildActionMask = 2147483647;
			files = (
			);
			runOnlyForDeploymentPostprocessing = 0;
		};
		853D15571F026D1700553D61 /* Resources */ = {
			isa = PBXResourcesBuildPhase;
			buildActionMask = 2147483647;
			files = (
			);
			runOnlyForDeploymentPostprocessing = 0;
		};
/* End PBXResourcesBuildPhase section */

/* Begin PBXSourcesBuildPhase section */
		853D15361F026D1700553D61 /* Sources */ = {
			isa = PBXSourcesBuildPhase;
			buildActionMask = 2147483647;
			files = (
				853D156D1F02862F00553D61 /* Model_class.swift in Sources */,
				853D15401F026D1700553D61 /* ViewController.swift in Sources */,
				853D153E1F026D1700553D61 /* AppDelegate.swift in Sources */,
			);
			runOnlyForDeploymentPostprocessing = 0;
		};
		853D154A1F026D1700553D61 /* Sources */ = {
			isa = PBXSourcesBuildPhase;
			buildActionMask = 2147483647;
			files = (
				853D15531F026D1700553D61 /* CalcTests.swift in Sources */,
			);
			runOnlyForDeploymentPostprocessing = 0;
		};
		853D15551F026D1700553D61 /* Sources */ = {
			isa = PBXSourcesBuildPhase;
			buildActionMask = 2147483647;
			files = (
				853D155E1F026D1700553D61 /* CalcUITests.swift in Sources */,
			);
			runOnlyForDeploymentPostprocessing = 0;
		};
/* End PBXSourcesBuildPhase section */

/* Begin PBXTargetDependency section */
		853D15501F026D1700553D61 /* PBXTargetDependency */ = {
			isa = PBXTargetDependency;
			target = 853D15391F026D1700553D61 /* Calc */;
			targetProxy = 853D154F1F026D1700553D61 /* PBXContainerItemProxy */;
		};
		853D155B1F026D1700553D61 /* PBXTargetDependency */ = {
			isa = PBXTargetDependency;
			target = 853D15391F026D1700553D61 /* Calc */;
			targetProxy = 853D155A1F026D1700553D61 /* PBXContainerItemProxy */;
		};
/* End PBXTargetDependency section */

/* Begin PBXVariantGroup section */
		853D15411F026D1700553D61 /* Main.storyboard */ = {
			isa = PBXVariantGroup;
			children = (
				853D15421F026D1700553D61 /* Base */,
			);
			name = Main.storyboard;
			sourceTree = "<group>";
		};
		853D15461F026D1700553D61 /* LaunchScreen.storyboard */ = {
			isa = PBXVariantGroup;
			children = (
				853D15471F026D1700553D61 /* Base */,
			);
			name = LaunchScreen.storyboard;
			sourceTree = "<group>";
		};
/* End PBXVariantGroup section */

/* Begin XCBuildConfiguration section */
		853D15601F026D1700553D61 /* Debug */ = {
			isa = XCBuildConfiguration;
			buildSettings = {
				ALWAYS_SEARCH_USER_PATHS = NO;
				CLANG_ANALYZER_NONNULL = YES;
				CLANG_ANALYZER_NUMBER_OBJECT_CONVERSION = YES_AGGRESSIVE;
				CLANG_CXX_LANGUAGE_STANDARD = "gnu++0x";
				CLANG_CXX_LIBRARY = "libc++";
				CLANG_ENABLE_MODULES = YES;
				CLANG_ENABLE_OBJC_ARC = YES;
				CLANG_WARN_BOOL_CONVERSION = YES;
				CLANG_WARN_CONSTANT_CONVERSION = YES;
				CLANG_WARN_DIRECT_OBJC_ISA_USAGE = YES_ERROR;
				CLANG_WARN_DOCUMENTATION_COMMENTS = YES;
				CLANG_WARN_EMPTY_BODY = YES;
				CLANG_WARN_ENUM_CONVERSION = YES;
				CLANG_WARN_INFINITE_RECURSION = YES;
				CLANG_WARN_INT_CONVERSION = YES;
				CLANG_WARN_OBJC_ROOT_CLASS = YES_ERROR;
				CLANG_WARN_SUSPICIOUS_MOVE = YES;
				CLANG_WARN_UNREACHABLE_CODE = YES;
				CLANG_WARN__DUPLICATE_METHOD_MATCH = YES;
				"CODE_SIGN_IDENTITY[sdk=iphoneos*]" = "iPhone Developer";
				COPY_PHASE_STRIP = NO;
				DEBUG_INFORMATION_FORMAT = dwarf;
				ENABLE_STRICT_OBJC_MSGSEND = YES;
				ENABLE_TESTABILITY = YES;
				GCC_C_LANGUAGE_STANDARD = gnu99;
				GCC_DYNAMIC_NO_PIC = NO;
				GCC_NO_COMMON_BLOCKS = YES;
				GCC_OPTIMIZATION_LEVEL = 0;
				GCC_PREPROCESSOR_DEFINITIONS = (
					"DEBUG=1",
					"$(inherited)",
				);
				GCC_WARN_64_TO_32_BIT_CONVERSION = YES;
				GCC_WARN_ABOUT_RETURN_TYPE = YES_ERROR;
				GCC_WARN_UNDECLARED_SELECTOR = YES;
				GCC_WARN_UNINITIALIZED_AUTOS = YES_AGGRESSIVE;
				GCC_WARN_UNUSED_FUNCTION = YES;
				GCC_WARN_UNUSED_VARIABLE = YES;
				IPHONEOS_DEPLOYMENT_TARGET = 10.3;
				MTL_ENABLE_DEBUG_INFO = YES;
				ONLY_ACTIVE_ARCH = YES;
				SDKROOT = iphoneos;
				SWIFT_ACTIVE_COMPILATION_CONDITIONS = DEBUG;
				SWIFT_OPTIMIZATION_LEVEL = "-Onone";
				TARGETED_DEVICE_FAMILY = "1,2";
			};
			name = Debug;
		};
		853D15611F026D1700553D61 /* Release */ = {
			isa = XCBuildConfiguration;
			buildSettings = {
				ALWAYS_SEARCH_USER_PATHS = NO;
				CLANG_ANALYZER_NONNULL = YES;
				CLANG_ANALYZER_NUMBER_OBJECT_CONVERSION = YES_AGGRESSIVE;
				CLANG_CXX_LANGUAGE_STANDARD = "gnu++0x";
				CLANG_CXX_LIBRARY = "libc++";
				CLANG_ENABLE_MODULES = YES;
				CLANG_ENABLE_OBJC_ARC = YES;
				CLANG_WARN_BOOL_CONVERSION = YES;
				CLANG_WARN_CONSTANT_CONVERSION = YES;
				CLANG_WARN_DIRECT_OBJC_ISA_USAGE = YES_ERROR;
				CLANG_WARN_DOCUMENTATION_COMMENTS = YES;
				CLANG_WARN_EMPTY_BODY = YES;
				CLANG_WARN_ENUM_CONVERSION = YES;
				CLANG_WARN_INFINITE_RECURSION = YES;
				CLANG_WARN_INT_CONVERSION = YES;
				CLANG_WARN_OBJC_ROOT_CLASS = YES_ERROR;
				CLANG_WARN_SUSPICIOUS_MOVE = YES;
				CLANG_WARN_UNREACHABLE_CODE = YES;
				CLANG_WARN__DUPLICATE_METHOD_MATCH = YES;
				"CODE_SIGN_IDENTITY[sdk=iphoneos*]" = "iPhone Developer";
				COPY_PHASE_STRIP = NO;
				DEBUG_INFORMATION_FORMAT = "dwarf-with-dsym";
				ENABLE_NS_ASSERTIONS = NO;
				ENABLE_STRICT_OBJC_MSGSEND = YES;
				GCC_C_LANGUAGE_STANDARD = gnu99;
				GCC_NO_COMMON_BLOCKS = YES;
				GCC_WARN_64_TO_32_BIT_CONVERSION = YES;
				GCC_WARN_ABOUT_RETURN_TYPE = YES_ERROR;
				GCC_WARN_UNDECLARED_SELECTOR = YES;
				GCC_WARN_UNINITIALIZED_AUTOS = YES_AGGRESSIVE;
				GCC_WARN_UNUSED_FUNCTION = YES;
				GCC_WARN_UNUSED_VARIABLE = YES;
				IPHONEOS_DEPLOYMENT_TARGET = 10.3;
				MTL_ENABLE_DEBUG_INFO = NO;
				SDKROOT = iphoneos;
				SWIFT_OPTIMIZATION_LEVEL = "-Owholemodule";
				TARGETED_DEVICE_FAMILY = "1,2";
				VALIDATE_PRODUCT = YES;
			};
			name = Release;
		};
		853D15631F026D1700553D61 /* Debug */ = {
			isa = XCBuildConfiguration;
			buildSettings = {
				ASSETCATALOG_COMPILER_APPICON_NAME = AppIcon;
				INFOPLIST_FILE = Calc/Info.plist;
				LD_RUNPATH_SEARCH_PATHS = "$(inherited) @executable_path/Frameworks";
				PRODUCT_BUNDLE_IDENTIFIER = matus.Calc;
				PRODUCT_NAME = "$(TARGET_NAME)";
				SWIFT_VERSION = 3.0;
			};
			name = Debug;
		};
		853D15641F026D1700553D61 /* Release */ = {
			isa = XCBuildConfiguration;
			buildSettings = {
				ASSETCATALOG_COMPILER_APPICON_NAME = AppIcon;
				INFOPLIST_FILE = Calc/Info.plist;
				LD_RUNPATH_SEARCH_PATHS = "$(inherited) @executable_path/Frameworks";
				PRODUCT_BUNDLE_IDENTIFIER = matus.Calc;
				PRODUCT_NAME = "$(TARGET_NAME)";
				SWIFT_VERSION = 3.0;
			};
			name = Release;
		};
		853D15661F026D1700553D61 /* Debug */ = {
			isa = XCBuildConfiguration;
			buildSettings = {
				ALWAYS_EMBED_SWIFT_STANDARD_LIBRARIES = YES;
				BUNDLE_LOADER = "$(TEST_HOST)";
				INFOPLIST_FILE = CalcTests/Info.plist;
				LD_RUNPATH_SEARCH_PATHS = "$(inherited) @executable_path/Frameworks @loader_path/Frameworks";
				PRODUCT_BUNDLE_IDENTIFIER = matus.CalcTests;
				PRODUCT_NAME = "$(TARGET_NAME)";
				SWIFT_VERSION = 3.0;
				TEST_HOST = "$(BUILT_PRODUCTS_DIR)/Calc.app/Calc";
			};
			name = Debug;
		};
		853D15671F026D1700553D61 /* Release */ = {
			isa = XCBuildConfiguration;
			buildSettings = {
				ALWAYS_EMBED_SWIFT_STANDARD_LIBRARIES = YES;
				BUNDLE_LOADER = "$(TEST_HOST)";
				INFOPLIST_FILE = CalcTests/Info.plist;
				LD_RUNPATH_SEARCH_PATHS = "$(inherited) @executable_path/Frameworks @loader_path/Frameworks";
				PRODUCT_BUNDLE_IDENTIFIER = matus.CalcTests;
				PRODUCT_NAME = "$(TARGET_NAME)";
				SWIFT_VERSION = 3.0;
				TEST_HOST = "$(BUILT_PRODUCTS_DIR)/Calc.app/Calc";
			};
			name = Release;
		};
		853D15691F026D1700553D61 /* Debug */ = {
			isa = XCBuildConfiguration;
			buildSettings = {
				ALWAYS_EMBED_SWIFT_STANDARD_LIBRARIES = YES;
				INFOPLIST_FILE = CalcUITests/Info.plist;
				LD_RUNPATH_SEARCH_PATHS = "$(inherited) @executable_path/Frameworks @loader_path/Frameworks";
				PRODUCT_BUNDLE_IDENTIFIER = matus.CalcUITests;
				PRODUCT_NAME = "$(TARGET_NAME)";
				SWIFT_VERSION = 3.0;
				TEST_TARGET_NAME = Calc;
			};
			name = Debug;
		};
		853D156A1F026D1700553D61 /* Release */ = {
			isa = XCBuildConfiguration;
			buildSettings = {
				ALWAYS_EMBED_SWIFT_STANDARD_LIBRARIES = YES;
				INFOPLIST_FILE = CalcUITests/Info.plist;
				LD_RUNPATH_SEARCH_PATHS = "$(inherited) @executable_path/Frameworks @loader_path/Frameworks";
				PRODUCT_BUNDLE_IDENTIFIER = matus.CalcUITests;
				PRODUCT_NAME = "$(TARGET_NAME)";
				SWIFT_VERSION = 3.0;
				TEST_TARGET_NAME = Calc;
			};
			name = Release;
		};
/* End XCBuildConfiguration section */

/* Begin XCConfigurationList section */
		853D15351F026D1700553D61 /* Build configuration list for PBXProject "Calc" */ = {
			isa = XCConfigurationList;
			buildConfigurations = (
				853D15601F026D1700553D61 /* Debug */,
				853D15611F026D1700553D61 /* Release */,
			);
			defaultConfigurationIsVisible = 0;
			defaultConfigurationName = Release;
		};
		853D15621F026D1700553D61 /* Build configuration list for PBXNativeTarget "Calc" */ = {
			isa = XCConfigurationList;
			buildConfigurations = (
				853D15631F026D1700553D61 /* Debug */,
				853D15641F026D1700553D61 /* Release */,
			);
			defaultConfigurationIsVisible = 0;
			defaultConfigurationName = Release;
		};
		853D15651F026D1700553D61 /* Build configuration list for PBXNativeTarget "CalcTests" */ = {
			isa = XCConfigurationList;
			buildConfigurations = (
				853D15661F026D1700553D61 /* Debug */,
				853D15671F026D1700553D61 /* Release */,
			);
			defaultConfigurationIsVisible = 0;
			defaultConfigurationName = Release;
		};
		853D15681F026D1700553D61 /* Build configuration list for PBXNativeTarget "CalcUITests" */ = {
			isa = XCConfigurationList;
			buildConfigurations = (
				853D15691F026D1700553D61 /* Debug */,
				853D156A1F026D1700553D61 /* Release */,
			);
			defaultConfigurationIsVisible = 0;
			defaultConfigurationName = Release;
		};
/* End XCConfigurationList section */
	};
	rootObject = 853D15321F026D1700553D61 /* Project object */;
}
